
Microsoft Visual Studio Solution File, Format Version 12.00
# Visual Studio Version 16
VisualStudioVersion = 16.0.29123.88
MinimumVisualStudioVersion = 10.0.40219.1
Project("{FAE04EC0-301F-11D3-BF4B-00C04F79EFBC}") = "Aparna_jayan", "Aparna_jayan\Aparna_jayan.csproj", "{4921E535-6984-4060-A94E-3FC764996071}"
EndProject
Global
	GlobalSection(SolutionConfigurationPlatforms) = preSolution
		Debug|Any CPU = Debug|Any CPU
		Release|Any CPU = Release|Any CPU
	EndGlobalSection
	GlobalSection(ProjectConfigurationPlatforms) = postSolution
		{4921E535-6984-4060-A94E-3FC764996071}.Debug|Any CPU.ActiveCfg = Debug|Any CPU
		{4921E535-6984-4060-A94E-3FC764996071}.Debug|Any CPU.Build.0 = Debug|Any CPU
		{4921E535-6984-4060-A94E-3FC764996071}.Release|Any CPU.ActiveCfg = Release|Any CPU
		{4921E535-6984-4060-A94E-3FC764996071}.Release|Any CPU.Build.0 = Release|Any CPU
	EndGlobalSection
	GlobalSection(SolutionProperties) = preSolution
		HideSolutionNode = FALSE
	EndGlobalSection
	GlobalSection(ExtensibilityGlobals) = postSolution
		SolutionGuid = {5B2295BB-A59E-4E03-BBCC-A92B6BCA0E96}
	EndGlobalSection
EndGlobal
